{
  ".claude/HARNESS.md": {
    ".claude/agents/librarian.md": "bd87aae352bdea4f",
    ".claude/agents/reviewer-correctness.md": "50b425f15365c9ed",
    ".claude/agents/reviewer-design.md": "99919f9da1b9b4c5",
    ".claude/agents/reviewer-taste.md": "36c5a0e401d3d0f6",
    ".claude/skills/workflow/SKILL.md": "1d9c9b01ab64d5de",
    "doc": "ce686faf6f66982e",
    "scripts/agent.py": "bc7f0d01ae0f56d4",
    "scripts/brief.sh": "0c178578e538e6c8",
    "scripts/context.py": "859afb6a48628c94",
    "scripts/opencode-agents.py": "1b55c0b1b177666f",
    "scripts/review.sh": "1de13eeec4494b9e",
    "scripts/verify.sh": "bab6bc040bb3ff03"
  },
  ".claude/skills/agentic-review/SKILL.md": {
    ".claude/agents/reviewer-correctness.md": "50b425f15365c9ed",
    ".claude/agents/reviewer-design.md": "99919f9da1b9b4c5",
    ".claude/agents/reviewer-taste.md": "36c5a0e401d3d0f6",
    "doc": "ce2ea257bcab319e",
    "scripts/agent.py": "bc7f0d01ae0f56d4",
    "scripts/review.sh": "1de13eeec4494b9e"
  },
  ".claude/skills/delegate/SKILL.md": {
    "doc": "73e5637e16ffd9a3",
    "scripts/agent.py": "bc7f0d01ae0f56d4"
  },
  ".claude/skills/handoff/SKILL.md": {
    "doc": "7fec5b9a76db6581",
    "scripts/brief.sh": "0c178578e538e6c8"
  },
  ".claude/skills/workflow/SKILL.md": {
    "doc": "1d9c9b01ab64d5de",
    "\u2026": ""
  },
  "AGENTS.md": {
    "doc": "b9808242c551631b",
    "scripts/brief.sh": "0c178578e538e6c8",
    "scripts/review.sh": "1de13eeec4494b9e",
    "scripts/verify.sh": "bab6bc040bb3ff03"
  }
}
